github.com/win2key/jproxy v1.0.8 h1:NbGkca9ZqvVBIaDKmeaPWALG9kLFZRxHFwMDnmapt/E=
github.com/win2key/jproxy v1.0.8/go.mod h1:8scwsWNRkbiReep3Cx/kqQfY56dLkzkq64Fiztp24r8=
golang.org/x/sys v0.8.0 h1:EBmGv8NaZBZTWvrbjNoL6HVt+IVy3QDQpJs7VRIw3tU=
golang.org/x/sys v0.8.0/go.mod h1:oPkhp1MJrh7nUepCBck5+mAzfO9JrbApNNgaTdGDITg=
